
Microsoft Visual Studio Solution File, Format Version 12.00
# Visual Studio 15
VisualStudioVersion = 15.0.26124.0
MinimumVisualStudioVersion = 15.0.26124.0
Project("{2150E333-8FDC-42A3-9474-1A3956D46DE8}") = "Code", "Code", "{1D5F0130-2EB1-4DE0-977B-E12A0E982D5F}"
EndProject
Project("{FAE04EC0-301F-11D3-BF4B-00C04F79EFBC}") = "dotnetmysl.Api", "Code\dotnetmysl.Api\dotnetmysl.Api.csproj", "{57480DDF-4376-4AA5-9391-2119BA766FE2}"
EndProject
Project("{FAE04EC0-301F-11D3-BF4B-00C04F79EFBC}") = "dotnetmysl.Business", "Code\dotnetmysl.Business\dotnetmysl.Business.csproj", "{0901D09F-31D6-400F-87E8-74856D167658}"
EndProject
Project("{FAE04EC0-301F-11D3-BF4B-00C04F79EFBC}") = "dotnetmysl.Data", "Code\dotnetmysl.Data\dotnetmysl.Data.csproj", "{B563B4A9-906E-4095-A93D-71DF2A746249}"
EndProject
Project("{FAE04EC0-301F-11D3-BF4B-00C04F79EFBC}") = "dotnetmysl.Entities", "Code\dotnetmysl.Entities\dotnetmysl.Entities.csproj", "{0B403B7D-1EB2-4469-B963-79D5BAF2D3BE}"
EndProject
Project("{FAE04EC0-301F-11D3-BF4B-00C04F79EFBC}") = "dotnetmysl.Test.Api", "Code\dotnetmysl.Test.Api\dotnetmysl.Test.Api.csproj", "{F43D3CF0-732B-490A-B0D6-EB95CBB52AC1}"
EndProject
Project("{FAE04EC0-301F-11D3-BF4B-00C04F79EFBC}") = "dotnetmysl.Test.Business", "Code\dotnetmysl.Test.Business\dotnetmysl.Test.Business.csproj", "{572A6A4C-FFC3-4E01-B658-CF5215B84E40}"
EndProject
Project("{FAE04EC0-301F-11D3-BF4B-00C04F79EFBC}") = "dotnetmysl.Test.Framework", "Code\dotnetmysl.Test.Framework\dotnetmysl.Test.Framework.csproj", "{1E1C8925-01C3-422C-9F39-0F51E95C7D91}"
EndProject
Project("{2150E333-8FDC-42A3-9474-1A3956D46DE8}") = "Test", "Test", "{64DB73A1-902D-4B07-9C64-2B432910A74C}"
EndProject
Global
	GlobalSection(SolutionConfigurationPlatforms) = preSolution
		Debug|Any CPU = Debug|Any CPU
		Debug|x64 = Debug|x64
		Debug|x86 = Debug|x86
		Release|Any CPU = Release|Any CPU
		Release|x64 = Release|x64
		Release|x86 = Release|x86
	EndGlobalSection
	GlobalSection(SolutionProperties) = preSolution
		HideSolutionNode = FALSE
	EndGlobalSection
	GlobalSection(ProjectConfigurationPlatforms) = postSolution
		{57480DDF-4376-4AA5-9391-2119BA766FE2}.Debug|Any CPU.ActiveCfg = Debug|Any CPU
		{57480DDF-4376-4AA5-9391-2119BA766FE2}.Debug|Any CPU.Build.0 = Debug|Any CPU
		{57480DDF-4376-4AA5-9391-2119BA766FE2}.Debug|x64.ActiveCfg = Debug|Any CPU
		{57480DDF-4376-4AA5-9391-2119BA766FE2}.Debug|x64.Build.0 = Debug|Any CPU
		{57480DDF-4376-4AA5-9391-2119BA766FE2}.Debug|x86.ActiveCfg = Debug|Any CPU
		{57480DDF-4376-4AA5-9391-2119BA766FE2}.Debug|x86.Build.0 = Debug|Any CPU
		{57480DDF-4376-4AA5-9391-2119BA766FE2}.Release|Any CPU.ActiveCfg = Release|Any CPU
		{57480DDF-4376-4AA5-9391-2119BA766FE2}.Release|Any CPU.Build.0 = Release|Any CPU
		{57480DDF-4376-4AA5-9391-2119BA766FE2}.Release|x64.ActiveCfg = Release|Any CPU
		{57480DDF-4376-4AA5-9391-2119BA766FE2}.Release|x64.Build.0 = Release|Any CPU
		{57480DDF-4376-4AA5-9391-2119BA766FE2}.Release|x86.ActiveCfg = Release|Any CPU
		{57480DDF-4376-4AA5-9391-2119BA766FE2}.Release|x86.Build.0 = Release|Any CPU
		{0901D09F-31D6-400F-87E8-74856D167658}.Debug|Any CPU.ActiveCfg = Debug|Any CPU
		{0901D09F-31D6-400F-87E8-74856D167658}.Debug|Any CPU.Build.0 = Debug|Any CPU
		{0901D09F-31D6-400F-87E8-74856D167658}.Debug|x64.ActiveCfg = Debug|Any CPU
		{0901D09F-31D6-400F-87E8-74856D167658}.Debug|x64.Build.0 = Debug|Any CPU
		{0901D09F-31D6-400F-87E8-74856D167658}.Debug|x86.ActiveCfg = Debug|Any CPU
		{0901D09F-31D6-400F-87E8-74856D167658}.Debug|x86.Build.0 = Debug|Any CPU
		{0901D09F-31D6-400F-87E8-74856D167658}.Release|Any CPU.ActiveCfg = Release|Any CPU
		{0901D09F-31D6-400F-87E8-74856D167658}.Release|Any CPU.Build.0 = Release|Any CPU
		{0901D09F-31D6-400F-87E8-74856D167658}.Release|x64.ActiveCfg = Release|Any CPU
		{0901D09F-31D6-400F-87E8-74856D167658}.Release|x64.Build.0 = Release|Any CPU
		{0901D09F-31D6-400F-87E8-74856D167658}.Release|x86.ActiveCfg = Release|Any CPU
		{0901D09F-31D6-400F-87E8-74856D167658}.Release|x86.Build.0 = Release|Any CPU
		{B563B4A9-906E-4095-A93D-71DF2A746249}.Debug|Any CPU.ActiveCfg = Debug|Any CPU
		{B563B4A9-906E-4095-A93D-71DF2A746249}.Debug|Any CPU.Build.0 = Debug|Any CPU
		{B563B4A9-906E-4095-A93D-71DF2A746249}.Debug|x64.ActiveCfg = Debug|Any CPU
		{B563B4A9-906E-4095-A93D-71DF2A746249}.Debug|x64.Build.0 = Debug|Any CPU
		{B563B4A9-906E-4095-A93D-71DF2A746249}.Debug|x86.ActiveCfg = Debug|Any CPU
		{B563B4A9-906E-4095-A93D-71DF2A746249}.Debug|x86.Build.0 = Debug|Any CPU
		{B563B4A9-906E-4095-A93D-71DF2A746249}.Release|Any CPU.ActiveCfg = Release|Any CPU
		{B563B4A9-906E-4095-A93D-71DF2A746249}.Release|Any CPU.Build.0 = Release|Any CPU
		{B563B4A9-906E-4095-A93D-71DF2A746249}.Release|x64.ActiveCfg = Release|Any CPU
		{B563B4A9-906E-4095-A93D-71DF2A746249}.Release|x64.Build.0 = Release|Any CPU
		{B563B4A9-906E-4095-A93D-71DF2A746249}.Release|x86.ActiveCfg = Release|Any CPU
		{B563B4A9-906E-4095-A93D-71DF2A746249}.Release|x86.Build.0 = Release|Any CPU
		{0B403B7D-1EB2-4469-B963-79D5BAF2D3BE}.Debug|Any CPU.ActiveCfg = Debug|Any CPU
		{0B403B7D-1EB2-4469-B963-79D5BAF2D3BE}.Debug|Any CPU.Build.0 = Debug|Any CPU
		{0B403B7D-1EB2-4469-B963-79D5BAF2D3BE}.Debug|x64.ActiveCfg = Debug|Any CPU
		{0B403B7D-1EB2-4469-B963-79D5BAF2D3BE}.Debug|x64.Build.0 = Debug|Any CPU
		{0B403B7D-1EB2-4469-B963-79D5BAF2D3BE}.Debug|x86.ActiveCfg = Debug|Any CPU
		{0B403B7D-1EB2-4469-B963-79D5BAF2D3BE}.Debug|x86.Build.0 = Debug|Any CPU
		{0B403B7D-1EB2-4469-B963-79D5BAF2D3BE}.Release|Any CPU.ActiveCfg = Release|Any CPU
		{0B403B7D-1EB2-4469-B963-79D5BAF2D3BE}.Release|Any CPU.Build.0 = Release|Any CPU
		{0B403B7D-1EB2-4469-B963-79D5BAF2D3BE}.Release|x64.ActiveCfg = Release|Any CPU
		{0B403B7D-1EB2-4469-B963-79D5BAF2D3BE}.Release|x64.Build.0 = Release|Any CPU
		{0B403B7D-1EB2-4469-B963-79D5BAF2D3BE}.Release|x86.ActiveCfg = Release|Any CPU
		{0B403B7D-1EB2-4469-B963-79D5BAF2D3BE}.Release|x86.Build.0 = Release|Any CPU
		{F43D3CF0-732B-490A-B0D6-EB95CBB52AC1}.Debug|Any CPU.ActiveCfg = Debug|Any CPU
		{F43D3CF0-732B-490A-B0D6-EB95CBB52AC1}.Debug|Any CPU.Build.0 = Debug|Any CPU
		{F43D3CF0-732B-490A-B0D6-EB95CBB52AC1}.Debug|x64.ActiveCfg = Debug|Any CPU
		{F43D3CF0-732B-490A-B0D6-EB95CBB52AC1}.Debug|x64.Build.0 = Debug|Any CPU
		{F43D3CF0-732B-490A-B0D6-EB95CBB52AC1}.Debug|x86.ActiveCfg = Debug|Any CPU
		{F43D3CF0-732B-490A-B0D6-EB95CBB52AC1}.Debug|x86.Build.0 = Debug|Any CPU
		{F43D3CF0-732B-490A-B0D6-EB95CBB52AC1}.Release|Any CPU.ActiveCfg = Release|Any CPU
		{F43D3CF0-732B-490A-B0D6-EB95CBB52AC1}.Release|Any CPU.Build.0 = Release|Any CPU
		{F43D3CF0-732B-490A-B0D6-EB95CBB52AC1}.Release|x64.ActiveCfg = Release|Any CPU
		{F43D3CF0-732B-490A-B0D6-EB95CBB52AC1}.Release|x64.Build.0 = Release|Any CPU
		{F43D3CF0-732B-490A-B0D6-EB95CBB52AC1}.Release|x86.ActiveCfg = Release|Any CPU
		{F43D3CF0-732B-490A-B0D6-EB95CBB52AC1}.Release|x86.Build.0 = Release|Any CPU
		{572A6A4C-FFC3-4E01-B658-CF5215B84E40}.Debug|Any CPU.ActiveCfg = Debug|Any CPU
		{572A6A4C-FFC3-4E01-B658-CF5215B84E40}.Debug|Any CPU.Build.0 = Debug|Any CPU
		{572A6A4C-FFC3-4E01-B658-CF5215B84E40}.Debug|x64.ActiveCfg = Debug|Any CPU
		{572A6A4C-FFC3-4E01-B658-CF5215B84E40}.Debug|x64.Build.0 = Debug|Any CPU
		{572A6A4C-FFC3-4E01-B658-CF5215B84E40}.Debug|x86.ActiveCfg = Debug|Any CPU
		{572A6A4C-FFC3-4E01-B658-CF5215B84E40}.Debug|x86.Build.0 = Debug|Any CPU
		{572A6A4C-FFC3-4E01-B658-CF5215B84E40}.Release|Any CPU.ActiveCfg = Release|Any CPU
		{572A6A4C-FFC3-4E01-B658-CF5215B84E40}.Release|Any CPU.Build.0 = Release|Any CPU
		{572A6A4C-FFC3-4E01-B658-CF5215B84E40}.Release|x64.ActiveCfg = Release|Any CPU
		{572A6A4C-FFC3-4E01-B658-CF5215B84E40}.Release|x64.Build.0 = Release|Any CPU
		{572A6A4C-FFC3-4E01-B658-CF5215B84E40}.Release|x86.ActiveCfg = Release|Any CPU
		{572A6A4C-FFC3-4E01-B658-CF5215B84E40}.Release|x86.Build.0 = Release|Any CPU
		{1E1C8925-01C3-422C-9F39-0F51E95C7D91}.Debug|Any CPU.ActiveCfg = Debug|Any CPU
		{1E1C8925-01C3-422C-9F39-0F51E95C7D91}.Debug|Any CPU.Build.0 = Debug|Any CPU
		{1E1C8925-01C3-422C-9F39-0F51E95C7D91}.Debug|x64.ActiveCfg = Debug|Any CPU
		{1E1C8925-01C3-422C-9F39-0F51E95C7D91}.Debug|x64.Build.0 = Debug|Any CPU
		{1E1C8925-01C3-422C-9F39-0F51E95C7D91}.Debug|x86.ActiveCfg = Debug|Any CPU
		{1E1C8925-01C3-422C-9F39-0F51E95C7D91}.Debug|x86.Build.0 = Debug|Any CPU
		{1E1C8925-01C3-422C-9F39-0F51E95C7D91}.Release|Any CPU.ActiveCfg = Release|Any CPU
		{1E1C8925-01C3-422C-9F39-0F51E95C7D91}.Release|Any CPU.Build.0 = Release|Any CPU
		{1E1C8925-01C3-422C-9F39-0F51E95C7D91}.Release|x64.ActiveCfg = Release|Any CPU
		{1E1C8925-01C3-422C-9F39-0F51E95C7D91}.Release|x64.Build.0 = Release|Any CPU
		{1E1C8925-01C3-422C-9F39-0F51E95C7D91}.Release|x86.ActiveCfg = Release|Any CPU
		{1E1C8925-01C3-422C-9F39-0F51E95C7D91}.Release|x86.Build.0 = Release|Any CPU
	EndGlobalSection
	GlobalSection(NestedProjects) = preSolution
		{57480DDF-4376-4AA5-9391-2119BA766FE2} = {1D5F0130-2EB1-4DE0-977B-E12A0E982D5F}
		{0901D09F-31D6-400F-87E8-74856D167658} = {1D5F0130-2EB1-4DE0-977B-E12A0E982D5F}
		{B563B4A9-906E-4095-A93D-71DF2A746249} = {1D5F0130-2EB1-4DE0-977B-E12A0E982D5F}
		{0B403B7D-1EB2-4469-B963-79D5BAF2D3BE} = {1D5F0130-2EB1-4DE0-977B-E12A0E982D5F}
		{F43D3CF0-732B-490A-B0D6-EB95CBB52AC1} = {64DB73A1-902D-4B07-9C64-2B432910A74C}
		{572A6A4C-FFC3-4E01-B658-CF5215B84E40} = {64DB73A1-902D-4B07-9C64-2B432910A74C}
		{1E1C8925-01C3-422C-9F39-0F51E95C7D91} = {64DB73A1-902D-4B07-9C64-2B432910A74C}
	EndGlobalSection
EndGlobal
